// !$*UTF8*$!
{
	archiveVersion = 1;
	classes = {
	};
	objectVersion = 46;
	objects = {

/* Begin PBXBuildFile section */
		BA667C3D1C713307002F48FF /* AppDelegate.swift in Sources */ = {isa = PBXBuildFile; fileRef = BA667C3C1C713307002F48FF /* AppDelegate.swift */; };
		BA667C3F1C713307002F48FF /* ViewController.swift in Sources */ = {isa = PBXBuildFile; fileRef = BA667C3E1C713307002F48FF /* ViewController.swift */; };
		BA667C421C713307002F48FF /* Main.storyboard in Resources */ = {isa = PBXBuildFile; fileRef = BA667C401C713307002F48FF /* Main.storyboard */; };
		BA667C441C713307002F48FF /* Assets.xcassets in Resources */ = {isa = PBXBuildFile; fileRef = BA667C431C713307002F48FF /* Assets.xcassets */; };
		BA667C471C713307002F48FF /* LaunchScreen.storyboard in Resources */ = {isa = PBXBuildFile; fileRef = BA667C451C713307002F48FF /* LaunchScreen.storyboard */; };
/* End PBXBuildFile section */

/* Begin PBXFileReference section */
		BA667C391C713307002F48FF /* WirestormChallenge.app */ = {isa = PBXFileReference; explicitFileType = wrapper.application; includeInIndex = 0; path = WirestormChallenge.app; sourceTree = BUILT_PRODUCTS_DIR; };
		BA667C3C1C713307002F48FF /* AppDelegate.swift */ = {isa = PBXFileReference; lastKnownFileType = sourcecode.swift; path = AppDelegate.swift; sourceTree = "<group>"; };
		BA667C3E1C713307002F48FF /* ViewController.swift */ = {isa = PBXFileReference; lastKnownFileType = sourcecode.swift; path = ViewController.swift; sourceTree = "<group>"; };
		BA667C411C713307002F48FF /* Base */ = {isa = PBXFileReference; lastKnownFileType = file.storyboard; name = Base; path = Base.lproj/Main.storyboard; sourceTree = "<group>"; };
		BA667C431C713307002F48FF /* Assets.xcassets */ = {isa = PBXFileReference; lastKnownFileType = folder.assetcatalog; path = Assets.xcassets; sourceTree = "<group>"; };
		BA667C461C713307002F48FF /* Base */ = {isa = PBXFileReference; lastKnownFileType = file.storyboard; name = Base; path = Base.lproj/LaunchScreen.storyboard; sourceTree = "<group>"; };
		BA667C481C713307002F48FF /* Info.plist */ = {isa = PBXFileReference; lastKnownFileType = text.plist.xml; path = Info.plist; sourceTree = "<group>"; };
/* End PBXFileReference section */

/* Begin PBXFrameworksBuildPhase section */
		BA667C361C713307002F48FF /* Frameworks */ = {
			isa = PBXFrameworksBuildPhase;
			buildActionMask = 2147483647;
			files = (
			);
			runOnlyForDeploymentPostprocessing = 0;
		};
/* End PBXFrameworksBuildPhase section */

/* Begin PBXGroup section */
		BA667C301C713307002F48FF = {
			isa = PBXGroup;
			children = (
				BA667C3B1C713307002F48FF /* WirestormChallenge */,
				BA667C3A1C713307002F48FF /* Products */,
			);
			sourceTree = "<group>";
		};
		BA667C3A1C713307002F48FF /* Products */ = {
			isa = PBXGroup;
			children = (
				BA667C391C713307002F48FF /* WirestormChallenge.app */,
			);
			name = Products;
			sourceTree = "<group>";
		};
		BA667C3B1C713307002F48FF /* WirestormChallenge */ = {
			isa = PBXGroup;
			children = (
				BA667C3C1C713307002F48FF /* AppDelegate.swift */,
				BA667C3E1C713307002F48FF /* ViewController.swift */,
				BA667C401C713307002F48FF /* Main.storyboard */,
				BA667C431C713307002F48FF /* Assets.xcassets */,
				BA667C451C713307002F48FF /* LaunchScreen.storyboard */,
				BA667C481C713307002F48FF /* Info.plist */,
			);
			path = WirestormChallenge;
			sourceTree = "<group>";
		};
/* End PBXGroup section */

/* Begin PBXNativeTarget section */
		BA667C381C713307002F48FF /* WirestormChallenge */ = {
			isa = PBXNativeTarget;
			buildConfigurationList = BA667C4B1C713307002F48FF /* Build configuration list for PBXNativeTarget "WirestormChallenge" */;
			buildPhases = (
				BA667C351C713307002F48FF /* Sources */,
				BA667C361C713307002F48FF /* Frameworks */,
				BA667C371C713307002F48FF /* Resources */,
			);
			buildRules = (
			);
			dependencies = (
			);
			name = WirestormChallenge;
			productName = WirestormChallenge;
			productReference = BA667C391C713307002F48FF /* WirestormChallenge.app */;
			productType = "com.apple.product-type.application";
		};
/* End PBXNativeTarget section */

/* Begin PBXProject section */
		BA667C311C713307002F48FF /* Project object */ = {
			isa = PBXProject;
			attributes = {
				LastSwiftUpdateCheck = 0720;
				LastUpgradeCheck = 0720;
				ORGANIZATIONNAME = "Yaxin Liu";
				TargetAttributes = {
					BA667C381C713307002F48FF = {
						CreatedOnToolsVersion = 7.2.1;
					};
				};
			};
			buildConfigurationList = BA667C341C713307002F48FF /* Build configuration list for PBXProject "WirestormChallenge" */;
			compatibilityVersion = "Xcode 3.2";
			developmentRegion = English;
			hasScannedForEncodings = 0;
			knownRegions = (
				en,
				Base,
			);
			mainGroup = BA667C301C713307002F48FF;
			productRefGroup = BA667C3A1C713307002F48FF /* Products */;
			projectDirPath = "";
			projectRoot = "";
			targets = (
				BA667C381C713307002F48FF /* WirestormChallenge */,
			);
		};
/* End PBXProject section */

/* Begin PBXResourcesBuildPhase section */
		BA667C371C713307002F48FF /* Resources */ = {
			isa = PBXResourcesBuildPhase;
			buildActionMask = 2147483647;
			files = (
				BA667C471C713307002F48FF /* LaunchScreen.storyboard in Resources */,
				BA667C441C713307002F48FF /* Assets.xcassets in Resources */,
				BA667C421C713307002F48FF /* Main.storyboard in Resources */,
			);
			runOnlyForDeploymentPostprocessing = 0;
		};
/* End PBXResourcesBuildPhase section */

/* Begin PBXSourcesBuildPhase section */
		BA667C351C713307002F48FF /* Sources */ = {
			isa = PBXSourcesBuildPhase;
			buildActionMask = 2147483647;
			files = (
				BA667C3F1C713307002F48FF /* ViewController.swift in Sources */,
				BA667C3D1C713307002F48FF /* AppDelegate.swift in Sources */,
			);
			runOnlyForDeploymentPostprocessing = 0;
		};
/* End PBXSourcesBuildPhase section */

/* Begin PBXVariantGroup section */
		BA667C401C713307002F48FF /* Main.storyboard */ = {
			isa = PBXVariantGroup;
			children = (
				BA667C411C713307002F48FF /* Base */,
			);
			name = Main.storyboard;
			sourceTree = "<group>";
		};
		BA667C451C713307002F48FF /* LaunchScreen.storyboard */ = {
			isa = PBXVariantGroup;
			children = (
				BA667C461C713307002F48FF /* Base */,
			);
			name = LaunchScreen.storyboard;
			sourceTree = "<group>";
		};
/* End PBXVariantGroup section */

/* Begin XCBuildConfiguration section */
		BA667C491C713307002F48FF /* Debug */ = {
			isa = XCBuildConfiguration;
			buildSettings = {
				ALWAYS_SEARCH_USER_PATHS = NO;
				CLANG_CXX_LANGUAGE_STANDARD = "gnu++0x";
				CLANG_CXX_LIBRARY = "libc++";
				CLANG_ENABLE_MODULES = YES;
				CLANG_ENABLE_OBJC_ARC = YES;
				CLANG_WARN_BOOL_CONVERSION = YES;
				CLANG_WARN_CONSTANT_CONVERSION = YES;
				CLANG_WARN_DIRECT_OBJC_ISA_USAGE = YES_ERROR;
				CLANG_WARN_EMPTY_BODY = YES;
				CLANG_WARN_ENUM_CONVERSION = YES;
				CLANG_WARN_INT_CONVERSION = YES;
				CLANG_WARN_OBJC_ROOT_CLASS = YES_ERROR;
				CLANG_WARN_UNREACHABLE_CODE = YES;
				CLANG_WARN__DUPLICATE_METHOD_MATCH = YES;
				"CODE_SIGN_IDENTITY[sdk=iphoneos*]" = "iPhone Developer";
				COPY_PHASE_STRIP = NO;
				DEBUG_INFORMATION_FORMAT = dwarf;
				ENABLE_STRICT_OBJC_MSGSEND = YES;
				ENABLE_TESTABILITY = YES;
				GCC_C_LANGUAGE_STANDARD = gnu99;
				GCC_DYNAMIC_NO_PIC = NO;
				GCC_NO_COMMON_BLOCKS = YES;
				GCC_OPTIMIZATION_LEVEL = 0;
				GCC_PREPROCESSOR_DEFINITIONS = (
					"DEBUG=1",
					"$(inherited)",
				);
				GCC_WARN_64_TO_32_BIT_CONVERSION = YES;
				GCC_WARN_ABOUT_RETURN_TYPE = YES_ERROR;
				GCC_WARN_UNDECLARED_SELECTOR = YES;
				GCC_WARN_UNINITIALIZED_AUTOS = YES_AGGRESSIVE;
				GCC_WARN_UNUSED_FUNCTION = YES;
				GCC_WARN_UNUSED_VARIABLE = YES;
				IPHONEOS_DEPLOYMENT_TARGET = 9.2;
				MTL_ENABLE_DEBUG_INFO = YES;
				ONLY_ACTIVE_ARCH = YES;
				SDKROOT = iphoneos;
				SWIFT_OPTIMIZATION_LEVEL = "-Onone";
			};
			name = Debug;
		};
		BA667C4A1C713307002F48FF /* Release */ = {
			isa = XCBuildConfiguration;
			buildSettings = {
				ALWAYS_SEARCH_USER_PATHS = NO;
				CLANG_CXX_LANGUAGE_STANDARD = "gnu++0x";
				CLANG_CXX_LIBRARY = "libc++";
				CLANG_ENABLE_MODULES = YES;
				CLANG_ENABLE_OBJC_ARC = YES;
				CLANG_WARN_BOOL_CONVERSION = YES;
				CLANG_WARN_CONSTANT_CONVERSION = YES;
				CLANG_WARN_DIRECT_OBJC_ISA_USAGE = YES_ERROR;
				CLANG_WARN_EMPTY_BODY = YES;
				CLANG_WARN_ENUM_CONVERSION = YES;
				CLANG_WARN_INT_CONVERSION = YES;
				CLANG_WARN_OBJC_ROOT_CLASS = YES_ERROR;
				CLANG_WARN_UNREACHABLE_CODE = YES;
				CLANG_WARN__DUPLICATE_METHOD_MATCH = YES;
				"CODE_SIGN_IDENTITY[sdk=iphoneos*]" = "iPhone Developer";
				COPY_PHASE_STRIP = NO;
				DEBUG_INFORMATION_FORMAT = "dwarf-with-dsym";
				ENABLE_NS_ASSERTIONS = NO;
				ENABLE_STRICT_OBJC_MSGSEND = YES;
				GCC_C_LANGUAGE_STANDARD = gnu99;
				GCC_NO_COMMON_BLOCKS = YES;
				GCC_WARN_64_TO_32_BIT_CONVERSION = YES;
				GCC_WARN_ABOUT_RETURN_TYPE = YES_ERROR;
				GCC_WARN_UNDECLARED_SELECTOR = YES;
				GCC_WARN_UNINITIALIZED_AUTOS = YES_AGGRESSIVE;
				GCC_WARN_UNUSED_FUNCTION = YES;
				GCC_WARN_UNUSED_VARIABLE = YES;
				IPHONEOS_DEPLOYMENT_TARGET = 9.2;
				MTL_ENABLE_DEBUG_INFO = NO;
				SDKROOT = iphoneos;
				VALIDATE_PRODUCT = YES;
			};
			name = Release;
		};
		BA667C4C1C713307002F48FF /* Debug */ = {
			isa = XCBuildConfiguration;
			buildSettings = {
				ASSETCATALOG_COMPILER_APPICON_NAME = AppIcon;
				INFOPLIST_FILE = WirestormChallenge/Info.plist;
				LD_RUNPATH_SEARCH_PATHS = "$(inherited) @executable_path/Frameworks";
				PRODUCT_BUNDLE_IDENTIFIER = com.Lyx.WirestormChallenge;
				PRODUCT_NAME = "$(TARGET_NAME)";
			};
			name = Debug;
		};
		BA667C4D1C713307002F48FF /* Release */ = {
			isa = XCBuildConfiguration;
			buildSettings = {
				ASSETCATALOG_COMPILER_APPICON_NAME = AppIcon;
				INFOPLIST_FILE = WirestormChallenge/Info.plist;
				LD_RUNPATH_SEARCH_PATHS = "$(inherited) @executable_path/Frameworks";
				PRODUCT_BUNDLE_IDENTIFIER = com.Lyx.WirestormChallenge;
				PRODUCT_NAME = "$(TARGET_NAME)";
			};
			name = Release;
		};
/* End XCBuildConfiguration section */

/* Begin XCConfigurationList section */
		BA667C341C713307002F48FF /* Build configuration list for PBXProject "WirestormChallenge" */ = {
			isa = XCConfigurationList;
			buildConfigurations = (
				BA667C491C713307002F48FF /* Debug */,
				BA667C4A1C713307002F48FF /* Release */,
			);
			defaultConfigurationIsVisible = 0;
			defaultConfigurationName = Release;
		};
		BA667C4B1C713307002F48FF /* Build configuration list for PBXNativeTarget "WirestormChallenge" */ = {
			isa = XCConfigurationList;
			buildConfigurations = (
				BA667C4C1C713307002F48FF /* Debug */,
				BA667C4D1C713307002F48FF /* Release */,
			);
			defaultConfigurationIsVisible = 0;
		};
/* End XCConfigurationList section */
	};
	rootObject = BA667C311C713307002F48FF /* Project object */;
}
